// !$*UTF8*$!
{
	archiveVersion = 1;
	classes = {
	};
	objectVersion = 50;
	objects = {

/* Begin PBXBuildFile section */
		BF2FED11268F187700179065 /* APIcallfetchJSONApp.swift in Sources */ = {isa = PBXBuildFile; fileRef = BF2FED10268F187700179065 /* APIcallfetchJSONApp.swift */; };
		BF2FED13268F187700179065 /* ContentView.swift in Sources */ = {isa = PBXBuildFile; fileRef = BF2FED12268F187700179065 /* ContentView.swift */; };
		BF2FED15268F188600179065 /* Assets.xcassets in Resources */ = {isa = PBXBuildFile; fileRef = BF2FED14268F188600179065 /* Assets.xcassets */; };
		BF2FED18268F188600179065 /* Preview Assets.xcassets in Resources */ = {isa = PBXBuildFile; fileRef = BF2FED17268F188600179065 /* Preview Assets.xcassets */; };
		BF2FED21268F18D800179065 /* Data.swift in Sources */ = {isa = PBXBuildFile; fileRef = BF2FED20268F18D800179065 /* Data.swift */; };
		BF2FED24268F1CFE00179065 /* PostList.swift in Sources */ = {isa = PBXBuildFile; fileRef = BF2FED23268F1CFE00179065 /* PostList.swift */; };
		BF2FED28268F3E2A00179065 /* AsyncImageLoader.swift in Sources */ = {isa = PBXBuildFile; fileRef = BF2FED27268F3E2A00179065 /* AsyncImageLoader.swift */; };
		BF30F25B269303C100C34997 /* Simulator Screen Shot - iPod touch (7th generation) - 2021-07-05 at 11.07.49.png in Resources */ = {isa = PBXBuildFile; fileRef = BF30F25A269303C100C34997 /* Simulator Screen Shot - iPod touch (7th generation) - 2021-07-05 at 11.07.49.png */; };
		BF30F2642693058100C34997 /* .gitignore in Resources */ = {isa = PBXBuildFile; fileRef = BF30F2632693058100C34997 /* .gitignore */; };
/* End PBXBuildFile section */

/* Begin PBXFileReference section */
		BF2FED0D268F187700179065 /* APIcallfetchJSON.app */ = {isa = PBXFileReference; explicitFileType = wrapper.application; includeInIndex = 0; path = APIcallfetchJSON.app; sourceTree = BUILT_PRODUCTS_DIR; };
		BF2FED10268F187700179065 /* APIcallfetchJSONApp.swift */ = {isa = PBXFileReference; lastKnownFileType = sourcecode.swift; path = APIcallfetchJSONApp.swift; sourceTree = "<group>"; };
		BF2FED12268F187700179065 /* ContentView.swift */ = {isa = PBXFileReference; lastKnownFileType = sourcecode.swift; path = ContentView.swift; sourceTree = "<group>"; };
		BF2FED14268F188600179065 /* Assets.xcassets */ = {isa = PBXFileReference; lastKnownFileType = folder.assetcatalog; path = Assets.xcassets; sourceTree = "<group>"; };
		BF2FED17268F188600179065 /* Preview Assets.xcassets */ = {isa = PBXFileReference; lastKnownFileType = folder.assetcatalog; path = "Preview Assets.xcassets"; sourceTree = "<group>"; };
		BF2FED19268F188600179065 /* Info.plist */ = {isa = PBXFileReference; lastKnownFileType = text.plist.xml; path = Info.plist; sourceTree = "<group>"; };
		BF2FED20268F18D800179065 /* Data.swift */ = {isa = PBXFileReference; lastKnownFileType = sourcecode.swift; path = Data.swift; sourceTree = "<group>"; };
		BF2FED23268F1CFE00179065 /* PostList.swift */ = {isa = PBXFileReference; lastKnownFileType = sourcecode.swift; path = PostList.swift; sourceTree = "<group>"; };
		BF2FED27268F3E2A00179065 /* AsyncImageLoader.swift */ = {isa = PBXFileReference; lastKnownFileType = sourcecode.swift; path = AsyncImageLoader.swift; sourceTree = "<group>"; };
		BF30F25A269303C100C34997 /* Simulator Screen Shot - iPod touch (7th generation) - 2021-07-05 at 11.07.49.png */ = {isa = PBXFileReference; lastKnownFileType = image.png; path = "Simulator Screen Shot - iPod touch (7th generation) - 2021-07-05 at 11.07.49.png"; sourceTree = "<group>"; };
		BF30F2632693058100C34997 /* .gitignore */ = {isa = PBXFileReference; fileEncoding = 4; lastKnownFileType = text; path = .gitignore; sourceTree = "<group>"; };
/* End PBXFileReference section */

/* Begin PBXFrameworksBuildPhase section */
		BF2FED0A268F187700179065 /* Frameworks */ = {
			isa = PBXFrameworksBuildPhase;
			buildActionMask = 2147483647;
			files = (
			);
			runOnlyForDeploymentPostprocessing = 0;
		};
/* End PBXFrameworksBuildPhase section */

/* Begin PBXGroup section */
		BF2FED04268F187700179065 = {
			isa = PBXGroup;
			children = (
				BF30F2632693058100C34997 /* .gitignore */,
				BF2FED0F268F187700179065 /* APIcallfetchJSON */,
				BF2FED0E268F187700179065 /* Products */,
			);
			sourceTree = "<group>";
		};
		BF2FED0E268F187700179065 /* Products */ = {
			isa = PBXGroup;
			children = (
				BF2FED0D268F187700179065 /* APIcallfetchJSON.app */,
			);
			name = Products;
			sourceTree = "<group>";
		};
		BF2FED0F268F187700179065 /* APIcallfetchJSON */ = {
			isa = PBXGroup;
			children = (
				BF30F25A269303C100C34997 /* Simulator Screen Shot - iPod touch (7th generation) - 2021-07-05 at 11.07.49.png */,
				BF2FED10268F187700179065 /* APIcallfetchJSONApp.swift */,
				BF2FED12268F187700179065 /* ContentView.swift */,
				BF2FED20268F18D800179065 /* Data.swift */,
				BF2FED14268F188600179065 /* Assets.xcassets */,
				BF2FED19268F188600179065 /* Info.plist */,
				BF2FED16268F188600179065 /* Preview Content */,
				BF2FED23268F1CFE00179065 /* PostList.swift */,
				BF2FED27268F3E2A00179065 /* AsyncImageLoader.swift */,
			);
			path = APIcallfetchJSON;
			sourceTree = "<group>";
		};
		BF2FED16268F188600179065 /* Preview Content */ = {
			isa = PBXGroup;
			children = (
				BF2FED17268F188600179065 /* Preview Assets.xcassets */,
			);
			path = "Preview Content";
			sourceTree = "<group>";
		};
/* End PBXGroup section */

/* Begin PBXNativeTarget section */
		BF2FED0C268F187700179065 /* APIcallfetchJSON */ = {
			isa = PBXNativeTarget;
			buildConfigurationList = BF2FED1C268F188600179065 /* Build configuration list for PBXNativeTarget "APIcallfetchJSON" */;
			buildPhases = (
				BF2FED09268F187700179065 /* Sources */,
				BF2FED0A268F187700179065 /* Frameworks */,
				BF2FED0B268F187700179065 /* Resources */,
			);
			buildRules = (
			);
			dependencies = (
			);
			name = APIcallfetchJSON;
			productName = APIcallfetchJSON;
			productReference = BF2FED0D268F187700179065 /* APIcallfetchJSON.app */;
			productType = "com.apple.product-type.application";
		};
/* End PBXNativeTarget section */

/* Begin PBXProject section */
		BF2FED05268F187700179065 /* Project object */ = {
			isa = PBXProject;
			attributes = {
				LastSwiftUpdateCheck = 1240;
				LastUpgradeCheck = 1240;
				TargetAttributes = {
					BF2FED0C268F187700179065 = {
						CreatedOnToolsVersion = 12.4;
					};
				};
			};
			buildConfigurationList = BF2FED08268F187700179065 /* Build configuration list for PBXProject "APIcallfetchJSON" */;
			compatibilityVersion = "Xcode 9.3";
			developmentRegion = en;
			hasScannedForEncodings = 0;
			knownRegions = (
				en,
				Base,
			);
			mainGroup = BF2FED04268F187700179065;
			productRefGroup = BF2FED0E268F187700179065 /* Products */;
			projectDirPath = "";
			projectRoot = "";
			targets = (
				BF2FED0C268F187700179065 /* APIcallfetchJSON */,
			);
		};
/* End PBXProject section */

/* Begin PBXResourcesBuildPhase section */
		BF2FED0B268F187700179065 /* Resources */ = {
			isa = PBXResourcesBuildPhase;
			buildActionMask = 2147483647;
			files = (
				BF30F2642693058100C34997 /* .gitignore in Resources */,
				BF2FED18268F188600179065 /* Preview Assets.xcassets in Resources */,
				BF30F25B269303C100C34997 /* Simulator Screen Shot - iPod touch (7th generation) - 2021-07-05 at 11.07.49.png in Resources */,
				BF2FED15268F188600179065 /* Assets.xcassets in Resources */,
			);
			runOnlyForDeploymentPostprocessing = 0;
		};
/* End PBXResourcesBuildPhase section */

/* Begin PBXSourcesBuildPhase section */
		BF2FED09268F187700179065 /* Sources */ = {
			isa = PBXSourcesBuildPhase;
			buildActionMask = 2147483647;
			files = (
				BF2FED13268F187700179065 /* ContentView.swift in Sources */,
				BF2FED21268F18D800179065 /* Data.swift in Sources */,
				BF2FED11268F187700179065 /* APIcallfetchJSONApp.swift in Sources */,
				BF2FED28268F3E2A00179065 /* AsyncImageLoader.swift in Sources */,
				BF2FED24268F1CFE00179065 /* PostList.swift in Sources */,
			);
			runOnlyForDeploymentPostprocessing = 0;
		};
/* End PBXSourcesBuildPhase section */

/* Begin XCBuildConfiguration section */
		BF2FED1A268F188600179065 /* Debug */ = {
			isa = XCBuildConfiguration;
			buildSettings = {
				ALWAYS_SEARCH_USER_PATHS = NO;
				CLANG_ANALYZER_NONNULL = YES;
				CLANG_ANALYZER_NUMBER_OBJECT_CONVERSION = YES_AGGRESSIVE;
				CLANG_CXX_LANGUAGE_STANDARD = "gnu++14";
				CLANG_CXX_LIBRARY = "libc++";
				CLANG_ENABLE_MODULES = YES;
				CLANG_ENABLE_OBJC_ARC = YES;
				CLANG_ENABLE_OBJC_WEAK = YES;
				CLANG_WARN_BLOCK_CAPTURE_AUTORELEASING = YES;
				CLANG_WARN_BOOL_CONVERSION = YES;
				CLANG_WARN_COMMA = YES;
				CLANG_WARN_CONSTANT_CONVERSION = YES;
				CLANG_WARN_DEPRECATED_OBJC_IMPLEMENTATIONS = YES;
				CLANG_WARN_DIRECT_OBJC_ISA_USAGE = YES_ERROR;
				CLANG_WARN_DOCUMENTATION_COMMENTS = YES;
				CLANG_WARN_EMPTY_BODY = YES;
				CLANG_WARN_ENUM_CONVERSION = YES;
				CLANG_WARN_INFINITE_RECURSION = YES;
				CLANG_WARN_INT_CONVERSION = YES;
				CLANG_WARN_NON_LITERAL_NULL_CONVERSION = YES;
				CLANG_WARN_OBJC_IMPLICIT_RETAIN_SELF = YES;
				CLANG_WARN_OBJC_LITERAL_CONVERSION = YES;
				CLANG_WARN_OBJC_ROOT_CLASS = YES_ERROR;
				CLANG_WARN_QUOTED_INCLUDE_IN_FRAMEWORK_HEADER = YES;
				CLANG_WARN_RANGE_LOOP_ANALYSIS = YES;
				CLANG_WARN_STRICT_PROTOTYPES = YES;
				CLANG_WARN_SUSPICIOUS_MOVE = YES;
				CLANG_WARN_UNGUARDED_AVAILABILITY = YES_AGGRESSIVE;
				CLANG_WARN_UNREACHABLE_CODE = YES;
				CLANG_WARN__DUPLICATE_METHOD_MATCH = YES;
				COPY_PHASE_STRIP = NO;
				DEBUG_INFORMATION_FORMAT = dwarf;
				ENABLE_STRICT_OBJC_MSGSEND = YES;
				ENABLE_TESTABILITY = YES;
				GCC_C_LANGUAGE_STANDARD = gnu11;
				GCC_DYNAMIC_NO_PIC = NO;
				GCC_NO_COMMON_BLOCKS = YES;
				GCC_OPTIMIZATION_LEVEL = 0;
				GCC_PREPROCESSOR_DEFINITIONS = (
					"DEBUG=1",
					"$(inherited)",
				);
				GCC_WARN_64_TO_32_BIT_CONVERSION = YES;
				GCC_WARN_ABOUT_RETURN_TYPE = YES_ERROR;
				GCC_WARN_UNDECLARED_SELECTOR = YES;
				GCC_WARN_UNINITIALIZED_AUTOS = YES_AGGRESSIVE;
				GCC_WARN_UNUSED_FUNCTION = YES;
				GCC_WARN_UNUSED_VARIABLE = YES;
				IPHONEOS_DEPLOYMENT_TARGET = 14.4;
				MTL_ENABLE_DEBUG_INFO = INCLUDE_SOURCE;
				MTL_FAST_MATH = YES;
				ONLY_ACTIVE_ARCH = YES;
				SDKROOT = iphoneos;
				SWIFT_ACTIVE_COMPILATION_CONDITIONS = DEBUG;
				SWIFT_OPTIMIZATION_LEVEL = "-Onone";
			};
			name = Debug;
		};
		BF2FED1B268F188600179065 /* Release */ = {
			isa = XCBuildConfiguration;
			buildSettings = {
				ALWAYS_SEARCH_USER_PATHS = NO;
				CLANG_ANALYZER_NONNULL = YES;
				CLANG_ANALYZER_NUMBER_OBJECT_CONVERSION = YES_AGGRESSIVE;
				CLANG_CXX_LANGUAGE_STANDARD = "gnu++14";
				CLANG_CXX_LIBRARY = "libc++";
				CLANG_ENABLE_MODULES = YES;
				CLANG_ENABLE_OBJC_ARC = YES;
				CLANG_ENABLE_OBJC_WEAK = YES;
				CLANG_WARN_BLOCK_CAPTURE_AUTORELEASING = YES;
				CLANG_WARN_BOOL_CONVERSION = YES;
				CLANG_WARN_COMMA = YES;
				CLANG_WARN_CONSTANT_CONVERSION = YES;
				CLANG_WARN_DEPRECATED_OBJC_IMPLEMENTATIONS = YES;
				CLANG_WARN_DIRECT_OBJC_ISA_USAGE = YES_ERROR;
				CLANG_WARN_DOCUMENTATION_COMMENTS = YES;
				CLANG_WARN_EMPTY_BODY = YES;
				CLANG_WARN_ENUM_CONVERSION = YES;
				CLANG_WARN_INFINITE_RECURSION = YES;
				CLANG_WARN_INT_CONVERSION = YES;
				CLANG_WARN_NON_LITERAL_NULL_CONVERSION = YES;
				CLANG_WARN_OBJC_IMPLICIT_RETAIN_SELF = YES;
				CLANG_WARN_OBJC_LITERAL_CONVERSION = YES;
				CLANG_WARN_OBJC_ROOT_CLASS = YES_ERROR;
				CLANG_WARN_QUOTED_INCLUDE_IN_FRAMEWORK_HEADER = YES;
				CLANG_WARN_RANGE_LOOP_ANALYSIS = YES;
				CLANG_WARN_STRICT_PROTOTYPES = YES;
				CLANG_WARN_SUSPICIOUS_MOVE = YES;
				CLANG_WARN_UNGUARDED_AVAILABILITY = YES_AGGRESSIVE;
				CLANG_WARN_UNREACHABLE_CODE = YES;
				CLANG_WARN__DUPLICATE_METHOD_MATCH = YES;
				COPY_PHASE_STRIP = NO;
				DEBUG_INFORMATION_FORMAT = "dwarf-with-dsym";
				ENABLE_NS_ASSERTIONS = NO;
				ENABLE_STRICT_OBJC_MSGSEND = YES;
				GCC_C_LANGUAGE_STANDARD = gnu11;
				GCC_NO_COMMON_BLOCKS = YES;
				GCC_WARN_64_TO_32_BIT_CONVERSION = YES;
				GCC_WARN_ABOUT_RETURN_TYPE = YES_ERROR;
				GCC_WARN_UNDECLARED_SELECTOR = YES;
				GCC_WARN_UNINITIALIZED_AUTOS = YES_AGGRESSIVE;
				GCC_WARN_UNUSED_FUNCTION = YES;
				GCC_WARN_UNUSED_VARIABLE = YES;
				IPHONEOS_DEPLOYMENT_TARGET = 14.4;
				MTL_ENABLE_DEBUG_INFO = NO;
				MTL_FAST_MATH = YES;
				SDKROOT = iphoneos;
				SWIFT_COMPILATION_MODE = wholemodule;
				SWIFT_OPTIMIZATION_LEVEL = "-O";
				VALIDATE_PRODUCT = YES;
			};
			name = Release;
		};
		BF2FED1D268F188600179065 /* Debug */ = {
			isa = XCBuildConfiguration;
			buildSettings = {
				ASSETCATALOG_COMPILER_APPICON_NAME = AppIcon;
				ASSETCATALOG_COMPILER_GLOBAL_ACCENT_COLOR_NAME = AccentColor;
				CODE_SIGN_STYLE = Automatic;
				DEVELOPMENT_ASSET_PATHS = "\"APIcallfetchJSON/Preview Content\"";
				DEVELOPMENT_TEAM = Q2NNJR7846;
				ENABLE_PREVIEWS = YES;
				INFOPLIST_FILE = APIcallfetchJSON/Info.plist;
				IPHONEOS_DEPLOYMENT_TARGET = 14.0;
				LD_RUNPATH_SEARCH_PATHS = (
					"$(inherited)",
					"@executable_path/Frameworks",
				);
				PRODUCT_BUNDLE_IDENTIFIER = yoko.APIcallfetchJSON;
				PRODUCT_NAME = "$(TARGET_NAME)";
				SWIFT_VERSION = 5.0;
				TARGETED_DEVICE_FAMILY = "1,2";
			};
			name = Debug;
		};
		BF2FED1E268F188600179065 /* Release */ = {
			isa = XCBuildConfiguration;
			buildSettings = {
				ASSETCATALOG_COMPILER_APPICON_NAME = AppIcon;
				ASSETCATALOG_COMPILER_GLOBAL_ACCENT_COLOR_NAME = AccentColor;
				CODE_SIGN_STYLE = Automatic;
				DEVELOPMENT_ASSET_PATHS = "\"APIcallfetchJSON/Preview Content\"";
				DEVELOPMENT_TEAM = Q2NNJR7846;
				ENABLE_PREVIEWS = YES;
				INFOPLIST_FILE = APIcallfetchJSON/Info.plist;
				IPHONEOS_DEPLOYMENT_TARGET = 14.0;
				LD_RUNPATH_SEARCH_PATHS = (
					"$(inherited)",
					"@executable_path/Frameworks",
				);
				PRODUCT_BUNDLE_IDENTIFIER = yoko.APIcallfetchJSON;
				PRODUCT_NAME = "$(TARGET_NAME)";
				SWIFT_VERSION = 5.0;
				TARGETED_DEVICE_FAMILY = "1,2";
			};
			name = Release;
		};
/* End XCBuildConfiguration section */

/* Begin XCConfigurationList section */
		BF2FED08268F187700179065 /* Build configuration list for PBXProject "APIcallfetchJSON" */ = {
			isa = XCConfigurationList;
			buildConfigurations = (
				BF2FED1A268F188600179065 /* Debug */,
				BF2FED1B268F188600179065 /* Release */,
			);
			defaultConfigurationIsVisible = 0;
			defaultConfigurationName = Release;
		};
		BF2FED1C268F188600179065 /* Build configuration list for PBXNativeTarget "APIcallfetchJSON" */ = {
			isa = XCConfigurationList;
			buildConfigurations = (
				BF2FED1D268F188600179065 /* Debug */,
				BF2FED1E268F188600179065 /* Release */,
			);
			defaultConfigurationIsVisible = 0;
			defaultConfigurationName = Release;
		};
/* End XCConfigurationList section */
	};
	rootObject = BF2FED05268F187700179065 /* Project object */;
}
